
Microsoft Visual Studio Solution File, Format Version 12.00
# Visual Studio Version 16
VisualStudioVersion = 16.0.30907.101
MinimumVisualStudioVersion = 10.0.40219.1
Project("{FAE04EC0-301F-11D3-BF4B-00C04F79EFBC}") = "test_git", "test_git\test_git.csproj", "{F151C718-24AA-4DFF-BD35-A849FE9C99D3}"
EndProject
Global
	GlobalSection(SolutionConfigurationPlatforms) = preSolution
		Debug|Any CPU = Debug|Any CPU
		Release|Any CPU = Release|Any CPU
	EndGlobalSection
	GlobalSection(ProjectConfigurationPlatforms) = postSolution
		{F151C718-24AA-4DFF-BD35-A849FE9C99D3}.Debug|Any CPU.ActiveCfg = Debug|Any CPU
		{F151C718-24AA-4DFF-BD35-A849FE9C99D3}.Debug|Any CPU.Build.0 = Debug|Any CPU
		{F151C718-24AA-4DFF-BD35-A849FE9C99D3}.Release|Any CPU.ActiveCfg = Release|Any CPU
		{F151C718-24AA-4DFF-BD35-A849FE9C99D3}.Release|Any CPU.Build.0 = Release|Any CPU
	EndGlobalSection
	GlobalSection(SolutionProperties) = preSolution
		HideSolutionNode = FALSE
	EndGlobalSection
	GlobalSection(ExtensibilityGlobals) = postSolution
		SolutionGuid = {2BF46C4D-C21F-4E8E-9C51-FF38D80A94E1}
	EndGlobalSection
EndGlobal
